
Microsoft Visual Studio Solution File, Format Version 12.00
# Visual Studio Version 16
VisualStudioVersion = 25.0.1703.4
MinimumVisualStudioVersion = 10.0.40219.1
Project("{FAE04EC0-301F-11D3-BF4B-00C04F79EFBC}") = "LeaveManagement.web", "LeaveManagement.web\LeaveManagement.web.csproj", "{B145B9A0-072D-4780-B823-A81D552A5A9F}"
EndProject
Global
	GlobalSection(SolutionConfigurationPlatforms) = preSolution
		Debug|Any CPU = Debug|Any CPU
		Release|Any CPU = Release|Any CPU
	EndGlobalSection
	GlobalSection(ProjectConfigurationPlatforms) = postSolution
		{B145B9A0-072D-4780-B823-A81D552A5A9F}.Debug|Any CPU.ActiveCfg = Debug|Any CPU
		{B145B9A0-072D-4780-B823-A81D552A5A9F}.Debug|Any CPU.Build.0 = Debug|Any CPU
		{B145B9A0-072D-4780-B823-A81D552A5A9F}.Release|Any CPU.ActiveCfg = Release|Any CPU
		{B145B9A0-072D-4780-B823-A81D552A5A9F}.Release|Any CPU.Build.0 = Release|Any CPU
	EndGlobalSection
	GlobalSection(SolutionProperties) = preSolution
		HideSolutionNode = FALSE
	EndGlobalSection
	GlobalSection(ExtensibilityGlobals) = postSolution
		SolutionGuid = {2447D717-73CE-454E-9A7A-25D4D6A1CF63}
	EndGlobalSection
EndGlobal
